{
  "name": "jump2url",
  "lockfileVersion": 3,
  "requires": true,
  "packages": {
    "": {
      "dependencies": {
        "chrome-types": "^0.1.260"
      }
    },
    "node_modules/chrome-types": {
      "version": "0.1.260",
      "resolved": "https://registry.npmjs.org/chrome-types/-/chrome-types-0.1.260.tgz",
      "integrity": "sha512-5aMvWdXBySQ0EWtfwNBpVMwM4MNkUJKW1aRYrHNe9cC3zfzuPyrDp718epJrVG6ePDWLk42fsrhIRrWotRVJjg=="
    }
  }
}
